
Microsoft Visual Studio Solution File, Format Version 12.00
# Visual Studio 15
VisualStudioVersion = 15.0.28307.572
MinimumVisualStudioVersion = 10.0.40219.1
Project("{FAE04EC0-301F-11D3-BF4B-00C04F79EFBC}") = "webapiSwagger", "webapiSwagger\webapiSwagger.csproj", "{9D49A366-FE6E-41C5-8D70-400C1F8AB2F1}"
EndProject
Global
	GlobalSection(SolutionConfigurationPlatforms) = preSolution
		Debug|Any CPU = Debug|Any CPU
		Release|Any CPU = Release|Any CPU
	EndGlobalSection
	GlobalSection(ProjectConfigurationPlatforms) = postSolution
		{9D49A366-FE6E-41C5-8D70-400C1F8AB2F1}.Debug|Any CPU.ActiveCfg = Debug|Any CPU
		{9D49A366-FE6E-41C5-8D70-400C1F8AB2F1}.Debug|Any CPU.Build.0 = Debug|Any CPU
		{9D49A366-FE6E-41C5-8D70-400C1F8AB2F1}.Release|Any CPU.ActiveCfg = Release|Any CPU
		{9D49A366-FE6E-41C5-8D70-400C1F8AB2F1}.Release|Any CPU.Build.0 = Release|Any CPU
	EndGlobalSection
	GlobalSection(SolutionProperties) = preSolution
		HideSolutionNode = FALSE
	EndGlobalSection
	GlobalSection(ExtensibilityGlobals) = postSolution
		SolutionGuid = {EB42FA10-74B0-457A-9FD8-D0F080E375F5}
	EndGlobalSection
EndGlobal
